
Microsoft Visual Studio Solution File, Format Version 12.00
# Visual Studio Version 17
VisualStudioVersion = 17.7.34018.315
MinimumVisualStudioVersion = 10.0.40219.1
Project("{8BC9CEB8-8B4A-11D0-8D11-00A0C91BC942}") = "Zero", "Zero\Zero.vcxproj", "{C3C482AA-1292-436B-9B79-6CB8510558E8}"
EndProject
Global
	GlobalSection(SolutionConfigurationPlatforms) = preSolution
		Debug|ARM64 = Debug|ARM64
		Debug|x64 = Debug|x64
		Release|ARM64 = Release|ARM64
		Release|x64 = Release|x64
	EndGlobalSection
	GlobalSection(ProjectConfigurationPlatforms) = postSolution
		{C3C482AA-1292-436B-9B79-6CB8510558E8}.Debug|ARM64.ActiveCfg = Debug|ARM64
		{C3C482AA-1292-436B-9B79-6CB8510558E8}.Debug|ARM64.Build.0 = Debug|ARM64
		{C3C482AA-1292-436B-9B79-6CB8510558E8}.Debug|ARM64.Deploy.0 = Debug|ARM64
		{C3C482AA-1292-436B-9B79-6CB8510558E8}.Debug|x64.ActiveCfg = Debug|x64
		{C3C482AA-1292-436B-9B79-6CB8510558E8}.Debug|x64.Build.0 = Debug|x64
		{C3C482AA-1292-436B-9B79-6CB8510558E8}.Debug|x64.Deploy.0 = Debug|x64
		{C3C482AA-1292-436B-9B79-6CB8510558E8}.Release|ARM64.ActiveCfg = Release|ARM64
		{C3C482AA-1292-436B-9B79-6CB8510558E8}.Release|ARM64.Build.0 = Release|ARM64
		{C3C482AA-1292-436B-9B79-6CB8510558E8}.Release|ARM64.Deploy.0 = Release|ARM64
		{C3C482AA-1292-436B-9B79-6CB8510558E8}.Release|x64.ActiveCfg = Release|x64
		{C3C482AA-1292-436B-9B79-6CB8510558E8}.Release|x64.Build.0 = Release|x64
		{C3C482AA-1292-436B-9B79-6CB8510558E8}.Release|x64.Deploy.0 = Release|x64
	EndGlobalSection
	GlobalSection(SolutionProperties) = preSolution
		HideSolutionNode = FALSE
	EndGlobalSection
	GlobalSection(ExtensibilityGlobals) = postSolution
		SolutionGuid = {882F66C0-B71C-45A5-8DA6-D29875F83621}
	EndGlobalSection
EndGlobal
